// !$*UTF8*$!
{
	archiveVersion = 1;
	classes = {
	};
	objectVersion = 77;
	objects = {

/* Begin PBXContainerItemProxy section */
		F3A296912D59734D00C9D1C4 /* PBXContainerItemProxy */ = {
			isa = PBXContainerItemProxy;
			containerPortal = F3A296782D59734C00C9D1C4 /* Project object */;
			proxyType = 1;
			remoteGlobalIDString = F3A2967F2D59734C00C9D1C4;
			remoteInfo = "Workout Count";
		};
		F3A2969B2D59734D00C9D1C4 /* PBXContainerItemProxy */ = {
			isa = PBXContainerItemProxy;
			containerPortal = F3A296782D59734C00C9D1C4 /* Project object */;
			proxyType = 1;
			remoteGlobalIDString = F3A2967F2D59734C00C9D1C4;
			remoteInfo = "Workout Count";
		};
/* End PBXContainerItemProxy section */

/* Begin PBXFileReference section */
		F3A296802D59734C00C9D1C4 /* Workout Count.app */ = {isa = PBXFileReference; explicitFileType = wrapper.application; includeInIndex = 0; path = "Workout Count.app"; sourceTree = BUILT_PRODUCTS_DIR; };
		F3A296902D59734D00C9D1C4 /* Workout CountTests.xctest */ = {isa = PBXFileReference; explicitFileType = wrapper.cfbundle; includeInIndex = 0; path = "Workout CountTests.xctest"; sourceTree = BUILT_PRODUCTS_DIR; };
		F3A2969A2D59734D00C9D1C4 /* Workout CountUITests.xctest */ = {isa = PBXFileReference; explicitFileType = wrapper.cfbundle; includeInIndex = 0; path = "Workout CountUITests.xctest"; sourceTree = BUILT_PRODUCTS_DIR; };
/* End PBXFileReference section */

/* Begin PBXFileSystemSynchronizedRootGroup section */
		F3A296822D59734C00C9D1C4 /* Workout Count */ = {
			isa = PBXFileSystemSynchronizedRootGroup;
			path = "Workout Count";
			sourceTree = "<group>";
		};
		F3A296932D59734D00C9D1C4 /* Workout CountTests */ = {
			isa = PBXFileSystemSynchronizedRootGroup;
			path = "Workout CountTests";
			sourceTree = "<group>";
		};
		F3A2969D2D59734D00C9D1C4 /* Workout CountUITests */ = {
			isa = PBXFileSystemSynchronizedRootGroup;
			path = "Workout CountUITests";
			sourceTree = "<group>";
		};
/* End PBXFileSystemSynchronizedRootGroup section */

/* Begin PBXFrameworksBuildPhase section */
		F3A2967D2D59734C00C9D1C4 /* Frameworks */ = {
			isa = PBXFrameworksBuildPhase;
			buildActionMask = 2147483647;
			files = (
			);
			runOnlyForDeploymentPostprocessing = 0;
		};
		F3A2968D2D59734D00C9D1C4 /* Frameworks */ = {
			isa = PBXFrameworksBuildPhase;
			buildActionMask = 2147483647;
			files = (
			);
			runOnlyForDeploymentPostprocessing = 0;
		};
		F3A296972D59734D00C9D1C4 /* Frameworks */ = {
			isa = PBXFrameworksBuildPhase;
			buildActionMask = 2147483647;
			files = (
			);
			runOnlyForDeploymentPostprocessing = 0;
		};
/* End PBXFrameworksBuildPhase section */

/* Begin PBXGroup section */
		F3A296772D59734C00C9D1C4 = {
			isa = PBXGroup;
			children = (
				F3A296822D59734C00C9D1C4 /* Workout Count */,
				F3A296932D59734D00C9D1C4 /* Workout CountTests */,
				F3A2969D2D59734D00C9D1C4 /* Workout CountUITests */,
				F3A296812D59734C00C9D1C4 /* Products */,
			);
			sourceTree = "<group>";
		};
		F3A296812D59734C00C9D1C4 /* Products */ = {
			isa = PBXGroup;
			children = (
				F3A296802D59734C00C9D1C4 /* Workout Count.app */,
				F3A296902D59734D00C9D1C4 /* Workout CountTests.xctest */,
				F3A2969A2D59734D00C9D1C4 /* Workout CountUITests.xctest */,
			);
			name = Products;
			sourceTree = "<group>";
		};
/* End PBXGroup section */

/* Begin PBXNativeTarget section */
		F3A2967F2D59734C00C9D1C4 /* Workout Count */ = {
			isa = PBXNativeTarget;
			buildConfigurationList = F3A296A42D59734D00C9D1C4 /* Build configuration list for PBXNativeTarget "Workout Count" */;
			buildPhases = (
				F3A2967C2D59734C00C9D1C4 /* Sources */,
				F3A2967D2D59734C00C9D1C4 /* Frameworks */,
				F3A2967E2D59734C00C9D1C4 /* Resources */,
			);
			buildRules = (
			);
			dependencies = (
			);
			fileSystemSynchronizedGroups = (
				F3A296822D59734C00C9D1C4 /* Workout Count */,
			);
			name = "Workout Count";
			packageProductDependencies = (
			);
			productName = "Workout Count";
			productReference = F3A296802D59734C00C9D1C4 /* Workout Count.app */;
			productType = "com.apple.product-type.application";
		};
		F3A2968F2D59734D00C9D1C4 /* Workout CountTests */ = {
			isa = PBXNativeTarget;
			buildConfigurationList = F3A296A72D59734D00C9D1C4 /* Build configuration list for PBXNativeTarget "Workout CountTests" */;
			buildPhases = (
				F3A2968C2D59734D00C9D1C4 /* Sources */,
				F3A2968D2D59734D00C9D1C4 /* Frameworks */,
				F3A2968E2D59734D00C9D1C4 /* Resources */,
			);
			buildRules = (
			);
			dependencies = (
				F3A296922D59734D00C9D1C4 /* PBXTargetDependency */,
			);
			fileSystemSynchronizedGroups = (
				F3A296932D59734D00C9D1C4 /* Workout CountTests */,
			);
			name = "Workout CountTests";
			packageProductDependencies = (
			);
			productName = "Workout CountTests";
			productReference = F3A296902D59734D00C9D1C4 /* Workout CountTests.xctest */;
			productType = "com.apple.product-type.bundle.unit-test";
		};
		F3A296992D59734D00C9D1C4 /* Workout CountUITests */ = {
			isa = PBXNativeTarget;
			buildConfigurationList = F3A296AA2D59734D00C9D1C4 /* Build configuration list for PBXNativeTarget "Workout CountUITests" */;
			buildPhases = (
				F3A296962D59734D00C9D1C4 /* Sources */,
				F3A296972D59734D00C9D1C4 /* Frameworks */,
				F3A296982D59734D00C9D1C4 /* Resources */,
			);
			buildRules = (
			);
			dependencies = (
				F3A2969C2D59734D00C9D1C4 /* PBXTargetDependency */,
			);
			fileSystemSynchronizedGroups = (
				F3A2969D2D59734D00C9D1C4 /* Workout CountUITests */,
			);
			name = "Workout CountUITests";
			packageProductDependencies = (
			);
			productName = "Workout CountUITests";
			productReference = F3A2969A2D59734D00C9D1C4 /* Workout CountUITests.xctest */;
			productType = "com.apple.product-type.bundle.ui-testing";
		};
/* End PBXNativeTarget section */

/* Begin PBXProject section */
		F3A296782D59734C00C9D1C4 /* Project object */ = {
			isa = PBXProject;
			attributes = {
				BuildIndependentTargetsInParallel = 1;
				LastSwiftUpdateCheck = 1620;
				LastUpgradeCheck = 1620;
				TargetAttributes = {
					F3A2967F2D59734C00C9D1C4 = {
						CreatedOnToolsVersion = 16.2;
					};
					F3A2968F2D59734D00C9D1C4 = {
						CreatedOnToolsVersion = 16.2;
						TestTargetID = F3A2967F2D59734C00C9D1C4;
					};
					F3A296992D59734D00C9D1C4 = {
						CreatedOnToolsVersion = 16.2;
						TestTargetID = F3A2967F2D59734C00C9D1C4;
					};
				};
			};
			buildConfigurationList = F3A2967B2D59734C00C9D1C4 /* Build configuration list for PBXProject "Workout Count" */;
			developmentRegion = en;
			hasScannedForEncodings = 0;
			knownRegions = (
				en,
				Base,
			);
			mainGroup = F3A296772D59734C00C9D1C4;
			minimizedProjectReferenceProxies = 1;
			preferredProjectObjectVersion = 77;
			productRefGroup = F3A296812D59734C00C9D1C4 /* Products */;
			projectDirPath = "";
			projectRoot = "";
			targets = (
				F3A2967F2D59734C00C9D1C4 /* Workout Count */,
				F3A2968F2D59734D00C9D1C4 /* Workout CountTests */,
				F3A296992D59734D00C9D1C4 /* Workout CountUITests */,
			);
		};
/* End PBXProject section */

/* Begin PBXResourcesBuildPhase section */
		F3A2967E2D59734C00C9D1C4 /* Resources */ = {
			isa = PBXResourcesBuildPhase;
			buildActionMask = 2147483647;
			files = (
			);
			runOnlyForDeploymentPostprocessing = 0;
		};
		F3A2968E2D59734D00C9D1C4 /* Resources */ = {
			isa = PBXResourcesBuildPhase;
			buildActionMask = 2147483647;
			files = (
			);
			runOnlyForDeploymentPostprocessing = 0;
		};
		F3A296982D59734D00C9D1C4 /* Resources */ = {
			isa = PBXResourcesBuildPhase;
			buildActionMask = 2147483647;
			files = (
			);
			runOnlyForDeploymentPostprocessing = 0;
		};
/* End PBXResourcesBuildPhase section */

/* Begin PBXSourcesBuildPhase section */
		F3A2967C2D59734C00C9D1C4 /* Sources */ = {
			isa = PBXSourcesBuildPhase;
			buildActionMask = 2147483647;
			files = (
			);
			runOnlyForDeploymentPostprocessing = 0;
		};
		F3A2968C2D59734D00C9D1C4 /* Sources */ = {
			isa = PBXSourcesBuildPhase;
			buildActionMask = 2147483647;
			files = (
			);
			runOnlyForDeploymentPostprocessing = 0;
		};
		F3A296962D59734D00C9D1C4 /* Sources */ = {
			isa = PBXSourcesBuildPhase;
			buildActionMask = 2147483647;
			files = (
			);
			runOnlyForDeploymentPostprocessing = 0;
		};
/* End PBXSourcesBuildPhase section */

/* Begin PBXTargetDependency section */
		F3A296922D59734D00C9D1C4 /* PBXTargetDependency */ = {
			isa = PBXTargetDependency;
			target = F3A2967F2D59734C00C9D1C4 /* Workout Count */;
			targetProxy = F3A296912D59734D00C9D1C4 /* PBXContainerItemProxy */;
		};
		F3A2969C2D59734D00C9D1C4 /* PBXTargetDependency */ = {
			isa = PBXTargetDependency;
			target = F3A2967F2D59734C00C9D1C4 /* Workout Count */;
			targetProxy = F3A2969B2D59734D00C9D1C4 /* PBXContainerItemProxy */;
		};
/* End PBXTargetDependency section */

/* Begin XCBuildConfiguration section */
		F3A296A22D59734D00C9D1C4 /* Debug */ = {
			isa = XCBuildConfiguration;
			buildSettings = {
				ALWAYS_SEARCH_USER_PATHS = NO;
				ASSETCATALOG_COMPILER_GENERATE_SWIFT_ASSET_SYMBOL_EXTENSIONS = YES;
				CLANG_ANALYZER_NONNULL = YES;
				CLANG_ANALYZER_NUMBER_OBJECT_CONVERSION = YES_AGGRESSIVE;
				CLANG_CXX_LANGUAGE_STANDARD = "gnu++20";
				CLANG_ENABLE_MODULES = YES;
				CLANG_ENABLE_OBJC_ARC = YES;
				CLANG_ENABLE_OBJC_WEAK = YES;
				CLANG_WARN_BLOCK_CAPTURE_AUTORELEASING = YES;
				CLANG_WARN_BOOL_CONVERSION = YES;
				CLANG_WARN_COMMA = YES;
				CLANG_WARN_CONSTANT_CONVERSION = YES;
				CLANG_WARN_DEPRECATED_OBJC_IMPLEMENTATIONS = YES;
				CLANG_WARN_DIRECT_OBJC_ISA_USAGE = YES_ERROR;
				CLANG_WARN_DOCUMENTATION_COMMENTS = YES;
				CLANG_WARN_EMPTY_BODY = YES;
				CLANG_WARN_ENUM_CONVERSION = YES;
				CLANG_WARN_INFINITE_RECURSION = YES;
				CLANG_WARN_INT_CONVERSION = YES;
				CLANG_WARN_NON_LITERAL_NULL_CONVERSION = YES;
				CLANG_WARN_OBJC_IMPLICIT_RETAIN_SELF = YES;
				CLANG_WARN_OBJC_LITERAL_CONVERSION = YES;
				CLANG_WARN_OBJC_ROOT_CLASS = YES_ERROR;
				CLANG_WARN_QUOTED_INCLUDE_IN_FRAMEWORK_HEADER = YES;
				CLANG_WARN_RANGE_LOOP_ANALYSIS = YES;
				CLANG_WARN_STRICT_PROTOTYPES = YES;
				CLANG_WARN_SUSPICIOUS_MOVE = YES;
				CLANG_WARN_UNGUARDED_AVAILABILITY = YES_AGGRESSIVE;
				CLANG_WARN_UNREACHABLE_CODE = YES;
				CLANG_WARN__DUPLICATE_METHOD_MATCH = YES;
				COPY_PHASE_STRIP = NO;
				DEBUG_INFORMATION_FORMAT = dwarf;
				ENABLE_STRICT_OBJC_MSGSEND = YES;
				ENABLE_TESTABILITY = YES;
				ENABLE_USER_SCRIPT_SANDBOXING = YES;
				GCC_C_LANGUAGE_STANDARD = gnu17;
				GCC_DYNAMIC_NO_PIC = NO;
				GCC_NO_COMMON_BLOCKS = YES;
				GCC_OPTIMIZATION_LEVEL = 0;
				GCC_PREPROCESSOR_DEFINITIONS = (
					"DEBUG=1",
					"$(inherited)",
				);
				GCC_WARN_64_TO_32_BIT_CONVERSION = YES;
				GCC_WARN_ABOUT_RETURN_TYPE = YES_ERROR;
				GCC_WARN_UNDECLARED_SELECTOR = YES;
				GCC_WARN_UNINITIALIZED_AUTOS = YES_AGGRESSIVE;
				GCC_WARN_UNUSED_FUNCTION = YES;
				GCC_WARN_UNUSED_VARIABLE = YES;
				IPHONEOS_DEPLOYMENT_TARGET = 18.2;
				LOCALIZATION_PREFERS_STRING_CATALOGS = YES;
				MTL_ENABLE_DEBUG_INFO = INCLUDE_SOURCE;
				MTL_FAST_MATH = YES;
				ONLY_ACTIVE_ARCH = YES;
				SDKROOT = iphoneos;
				SWIFT_ACTIVE_COMPILATION_CONDITIONS = "DEBUG $(inherited)";
				SWIFT_OPTIMIZATION_LEVEL = "-Onone";
			};
			name = Debug;
		};
		F3A296A32D59734D00C9D1C4 /* Release */ = {
			isa = XCBuildConfiguration;
			buildSettings = {
				ALWAYS_SEARCH_USER_PATHS = NO;
				ASSETCATALOG_COMPILER_GENERATE_SWIFT_ASSET_SYMBOL_EXTENSIONS = YES;
				CLANG_ANALYZER_NONNULL = YES;
				CLANG_ANALYZER_NUMBER_OBJECT_CONVERSION = YES_AGGRESSIVE;
				CLANG_CXX_LANGUAGE_STANDARD = "gnu++20";
				CLANG_ENABLE_MODULES = YES;
				CLANG_ENABLE_OBJC_ARC = YES;
				CLANG_ENABLE_OBJC_WEAK = YES;
				CLANG_WARN_BLOCK_CAPTURE_AUTORELEASING = YES;
				CLANG_WARN_BOOL_CONVERSION = YES;
				CLANG_WARN_COMMA = YES;
				CLANG_WARN_CONSTANT_CONVERSION = YES;
				CLANG_WARN_DEPRECATED_OBJC_IMPLEMENTATIONS = YES;
				CLANG_WARN_DIRECT_OBJC_ISA_USAGE = YES_ERROR;
				CLANG_WARN_DOCUMENTATION_COMMENTS = YES;
				CLANG_WARN_EMPTY_BODY = YES;
				CLANG_WARN_ENUM_CONVERSION = YES;
				CLANG_WARN_INFINITE_RECURSION = YES;
				CLANG_WARN_INT_CONVERSION = YES;
				CLANG_WARN_NON_LITERAL_NULL_CONVERSION = YES;
				CLANG_WARN_OBJC_IMPLICIT_RETAIN_SELF = YES;
				CLANG_WARN_OBJC_LITERAL_CONVERSION = YES;
				CLANG_WARN_OBJC_ROOT_CLASS = YES_ERROR;
				CLANG_WARN_QUOTED_INCLUDE_IN_FRAMEWORK_HEADER = YES;
				CLANG_WARN_RANGE_LOOP_ANALYSIS = YES;
				CLANG_WARN_STRICT_PROTOTYPES = YES;
				CLANG_WARN_SUSPICIOUS_MOVE = YES;
				CLANG_WARN_UNGUARDED_AVAILABILITY = YES_AGGRESSIVE;
				CLANG_WARN_UNREACHABLE_CODE = YES;
				CLANG_WARN__DUPLICATE_METHOD_MATCH = YES;
				COPY_PHASE_STRIP = NO;
				DEBUG_INFORMATION_FORMAT = "dwarf-with-dsym";
				ENABLE_NS_ASSERTIONS = NO;
				ENABLE_STRICT_OBJC_MSGSEND = YES;
				ENABLE_USER_SCRIPT_SANDBOXING = YES;
				GCC_C_LANGUAGE_STANDARD = gnu17;
				GCC_NO_COMMON_BLOCKS = YES;
				GCC_WARN_64_TO_32_BIT_CONVERSION = YES;
				GCC_WARN_ABOUT_RETURN_TYPE = YES_ERROR;
				GCC_WARN_UNDECLARED_SELECTOR = YES;
				GCC_WARN_UNINITIALIZED_AUTOS = YES_AGGRESSIVE;
				GCC_WARN_UNUSED_FUNCTION = YES;
				GCC_WARN_UNUSED_VARIABLE = YES;
				IPHONEOS_DEPLOYMENT_TARGET = 18.2;
				LOCALIZATION_PREFERS_STRING_CATALOGS = YES;
				MTL_ENABLE_DEBUG_INFO = NO;
				MTL_FAST_MATH = YES;
				SDKROOT = iphoneos;
				SWIFT_COMPILATION_MODE = wholemodule;
				VALIDATE_PRODUCT = YES;
			};
			name = Release;
		};
		F3A296A52D59734D00C9D1C4 /* Debug */ = {
			isa = XCBuildConfiguration;
			buildSettings = {
				ASSETCATALOG_COMPILER_APPICON_NAME = AppIcon;
				ASSETCATALOG_COMPILER_GLOBAL_ACCENT_COLOR_NAME = AccentColor;
				CODE_SIGN_STYLE = Automatic;
				CURRENT_PROJECT_VERSION = 1;
				DEVELOPMENT_ASSET_PATHS = "\"Workout Count/Preview Content\"";
				ENABLE_PREVIEWS = YES;
				GENERATE_INFOPLIST_FILE = YES;
				INFOPLIST_KEY_UIApplicationSceneManifest_Generation = YES;
				INFOPLIST_KEY_UIApplicationSupportsIndirectInputEvents = YES;
				INFOPLIST_KEY_UILaunchScreen_Generation = YES;
				INFOPLIST_KEY_UISupportedInterfaceOrientations_iPad = "UIInterfaceOrientationPortrait UIInterfaceOrientationPortraitUpsideDown UIInterfaceOrientationLandscapeLeft UIInterfaceOrientationLandscapeRight";
				INFOPLIST_KEY_UISupportedInterfaceOrientations_iPhone = "UIInterfaceOrientationPortrait UIInterfaceOrientationLandscapeLeft UIInterfaceOrientationLandscapeRight";
				LD_RUNPATH_SEARCH_PATHS = (
					"$(inherited)",
					"@executable_path/Frameworks",
				);
				MARKETING_VERSION = 1.0;
				PRODUCT_BUNDLE_IDENTIFIER = "elena.Workout-Count";
				PRODUCT_NAME = "$(TARGET_NAME)";
				SWIFT_EMIT_LOC_STRINGS = YES;
				SWIFT_VERSION = 5.0;
				TARGETED_DEVICE_FAMILY = "1,2";
			};
			name = Debug;
		};
		F3A296A62D59734D00C9D1C4 /* Release */ = {
			isa = XCBuildConfiguration;
			buildSettings = {
				ASSETCATALOG_COMPILER_APPICON_NAME = AppIcon;
				ASSETCATALOG_COMPILER_GLOBAL_ACCENT_COLOR_NAME = AccentColor;
				CODE_SIGN_STYLE = Automatic;
				CURRENT_PROJECT_VERSION = 1;
				DEVELOPMENT_ASSET_PATHS = "\"Workout Count/Preview Content\"";
				ENABLE_PREVIEWS = YES;
				GENERATE_INFOPLIST_FILE = YES;
				INFOPLIST_KEY_UIApplicationSceneManifest_Generation = YES;
				INFOPLIST_KEY_UIApplicationSupportsIndirectInputEvents = YES;
				INFOPLIST_KEY_UILaunchScreen_Generation = YES;
				INFOPLIST_KEY_UISupportedInterfaceOrientations_iPad = "UIInterfaceOrientationPortrait UIInterfaceOrientationPortraitUpsideDown UIInterfaceOrientationLandscapeLeft UIInterfaceOrientationLandscapeRight";
				INFOPLIST_KEY_UISupportedInterfaceOrientations_iPhone = "UIInterfaceOrientationPortrait UIInterfaceOrientationLandscapeLeft UIInterfaceOrientationLandscapeRight";
				LD_RUNPATH_SEARCH_PATHS = (
					"$(inherited)",
					"@executable_path/Frameworks",
				);
				MARKETING_VERSION = 1.0;
				PRODUCT_BUNDLE_IDENTIFIER = "elena.Workout-Count";
				PRODUCT_NAME = "$(TARGET_NAME)";
				SWIFT_EMIT_LOC_STRINGS = YES;
				SWIFT_VERSION = 5.0;
				TARGETED_DEVICE_FAMILY = "1,2";
			};
			name = Release;
		};
		F3A296A82D59734D00C9D1C4 /* Debug */ = {
			isa = XCBuildConfiguration;
			buildSettings = {
				BUNDLE_LOADER = "$(TEST_HOST)";
				CODE_SIGN_STYLE = Automatic;
				CURRENT_PROJECT_VERSION = 1;
				GENERATE_INFOPLIST_FILE = YES;
				IPHONEOS_DEPLOYMENT_TARGET = 18.2;
				MARKETING_VERSION = 1.0;
				PRODUCT_BUNDLE_IDENTIFIER = "elena.Workout-CountTests";
				PRODUCT_NAME = "$(TARGET_NAME)";
				SWIFT_EMIT_LOC_STRINGS = NO;
				SWIFT_VERSION = 5.0;
				TARGETED_DEVICE_FAMILY = "1,2";
				TEST_HOST = "$(BUILT_PRODUCTS_DIR)/Workout Count.app/$(BUNDLE_EXECUTABLE_FOLDER_PATH)/Workout Count";
			};
			name = Debug;
		};
		F3A296A92D59734D00C9D1C4 /* Release */ = {
			isa = XCBuildConfiguration;
			buildSettings = {
				BUNDLE_LOADER = "$(TEST_HOST)";
				CODE_SIGN_STYLE = Automatic;
				CURRENT_PROJECT_VERSION = 1;
				GENERATE_INFOPLIST_FILE = YES;
				IPHONEOS_DEPLOYMENT_TARGET = 18.2;
				MARKETING_VERSION = 1.0;
				PRODUCT_BUNDLE_IDENTIFIER = "elena.Workout-CountTests";
				PRODUCT_NAME = "$(TARGET_NAME)";
				SWIFT_EMIT_LOC_STRINGS = NO;
				SWIFT_VERSION = 5.0;
				TARGETED_DEVICE_FAMILY = "1,2";
				TEST_HOST = "$(BUILT_PRODUCTS_DIR)/Workout Count.app/$(BUNDLE_EXECUTABLE_FOLDER_PATH)/Workout Count";
			};
			name = Release;
		};
		F3A296AB2D59734D00C9D1C4 /* Debug */ = {
			isa = XCBuildConfiguration;
			buildSettings = {
				CODE_SIGN_STYLE = Automatic;
				CURRENT_PROJECT_VERSION = 1;
				GENERATE_INFOPLIST_FILE = YES;
				MARKETING_VERSION = 1.0;
				PRODUCT_BUNDLE_IDENTIFIER = "elena.Workout-CountUITests";
				PRODUCT_NAME = "$(TARGET_NAME)";
				SWIFT_EMIT_LOC_STRINGS = NO;
				SWIFT_VERSION = 5.0;
				TARGETED_DEVICE_FAMILY = "1,2";
				TEST_TARGET_NAME = "Workout Count";
			};
			name = Debug;
		};
		F3A296AC2D59734D00C9D1C4 /* Release */ = {
			isa = XCBuildConfiguration;
			buildSettings = {
				CODE_SIGN_STYLE = Automatic;
				CURRENT_PROJECT_VERSION = 1;
				GENERATE_INFOPLIST_FILE = YES;
				MARKETING_VERSION = 1.0;
				PRODUCT_BUNDLE_IDENTIFIER = "elena.Workout-CountUITests";
				PRODUCT_NAME = "$(TARGET_NAME)";
				SWIFT_EMIT_LOC_STRINGS = NO;
				SWIFT_VERSION = 5.0;
				TARGETED_DEVICE_FAMILY = "1,2";
				TEST_TARGET_NAME = "Workout Count";
			};
			name = Release;
		};
/* End XCBuildConfiguration section */

/* Begin XCConfigurationList section */
		F3A2967B2D59734C00C9D1C4 /* Build configuration list for PBXProject "Workout Count" */ = {
			isa = XCConfigurationList;
			buildConfigurations = (
				F3A296A22D59734D00C9D1C4 /* Debug */,
				F3A296A32D59734D00C9D1C4 /* Release */,
			);
			defaultConfigurationIsVisible = 0;
			defaultConfigurationName = Release;
		};
		F3A296A42D59734D00C9D1C4 /* Build configuration list for PBXNativeTarget "Workout Count" */ = {
			isa = XCConfigurationList;
			buildConfigurations = (
				F3A296A52D59734D00C9D1C4 /* Debug */,
				F3A296A62D59734D00C9D1C4 /* Release */,
			);
			defaultConfigurationIsVisible = 0;
			defaultConfigurationName = Release;
		};
		F3A296A72D59734D00C9D1C4 /* Build configuration list for PBXNativeTarget "Workout CountTests" */ = {
			isa = XCConfigurationList;
			buildConfigurations = (
				F3A296A82D59734D00C9D1C4 /* Debug */,
				F3A296A92D59734D00C9D1C4 /* Release */,
			);
			defaultConfigurationIsVisible = 0;
			defaultConfigurationName = Release;
		};
		F3A296AA2D59734D00C9D1C4 /* Build configuration list for PBXNativeTarget "Workout CountUITests" */ = {
			isa = XCConfigurationList;
			buildConfigurations = (
				F3A296AB2D59734D00C9D1C4 /* Debug */,
				F3A296AC2D59734D00C9D1C4 /* Release */,
			);
			defaultConfigurationIsVisible = 0;
			defaultConfigurationName = Release;
		};
/* End XCConfigurationList section */
	};
	rootObject = F3A296782D59734C00C9D1C4 /* Project object */;
}
